<?xml version="1.0" encoding="UTF-8" standalone="yes" ?>
<CodeBlocks_project_file>
	<FileVersion major="1" minor="6" />
	<Project>
		<Option title="Hello World Key Detection" />
		<Option pch_mode="2" />
		<Option compiler="mingw-w64_i686_32bit_cross_compiler" />
		<Build>
			<Target title="Release">
				<Option output="bin/Release/Hello World Key Detection" prefix_auto="1" extension_auto="1" />
				<Option object_output="obj/Release/" />
				<Option type="1" />
				<Option compiler="mingw-w64_i686_32bit_cross_compiler" />
				<Compiler>
					<Add option="-O2" />
					<Add option="-DWIN32" />
					<Add option="-D_WINDOWS" />
				</Compiler>
				<Linker>
					<Add option="-s" />
					<Add option="-static-libstdc++" />
					<Add option="-static-libgcc" />
					<Add option="-lgcc" />
					<Add option="-lodbc32" />
					<Add option="-lwsock32" />
					<Add option="-lwinspool" />
					<Add option="-lwinmm" />
					<Add option="-lshell32" />
					<Add option="-lcomctl32" />
					<Add option="-lctl3d32" />
					<Add option="-ladvapi32" />
					<Add option="-lopengl32" />
					<Add option="-lglu32" />
					<Add option="-lole32" />
					<Add option="-lgdi32" />
					<Add option="-loleaut32" />
					<Add option="-luuid" />
				</Linker>
			</Target>
		</Build>
		<Compiler>
			<Add option="-Wall" />
			<Add option="-fexceptions" />
		</Compiler>
		<Unit filename="main.cpp" />
		<Extensions>
			<envvars />
			<code_completion />
			<debugger />
		</Extensions>
	</Project>
</CodeBlocks_project_file>
